// !$*UTF8*$!
{
	archiveVersion = 1;
	classes = {
	};
	objectVersion = 56;
	objects = {

/* Begin PBXBuildFile section */
		0704D25828F0841A00A5C632 /* CardDeck.swift in Sources */ = {isa = PBXBuildFile; fileRef = 0704D25728F0841A00A5C632 /* CardDeck.swift */; };
		0707EBD628EF32E400193FA6 /* Theme.swift in Sources */ = {isa = PBXBuildFile; fileRef = 0707EBD528EF32E400193FA6 /* Theme.swift */; };
		0707EBD828EF39FD00193FA6 /* PlayingAreaView.swift in Sources */ = {isa = PBXBuildFile; fileRef = 0707EBD728EF39FD00193FA6 /* PlayingAreaView.swift */; };
		075A2E8728F22D4C0088687D /* HomeView.swift in Sources */ = {isa = PBXBuildFile; fileRef = 075A2E8628F22D4B0088687D /* HomeView.swift */; };
		07A5638828F4704000792CB0 /* CardSymbolView.swift in Sources */ = {isa = PBXBuildFile; fileRef = 07A5638728F4704000792CB0 /* CardSymbolView.swift */; };
		07A5638A28F5B3BE00792CB0 /* TimerView.swift in Sources */ = {isa = PBXBuildFile; fileRef = 07A5638928F5B3BE00792CB0 /* TimerView.swift */; };
		07AEB25B28DA5CE1008559AF /* WarCardGameApp.swift in Sources */ = {isa = PBXBuildFile; fileRef = 07AEB25A28DA5CE1008559AF /* WarCardGameApp.swift */; };
		07AEB25D28DA5CE1008559AF /* WarGameMainView.swift in Sources */ = {isa = PBXBuildFile; fileRef = 07AEB25C28DA5CE1008559AF /* WarGameMainView.swift */; };
		07AEB25F28DA5CE3008559AF /* Assets.xcassets in Resources */ = {isa = PBXBuildFile; fileRef = 07AEB25E28DA5CE3008559AF /* Assets.xcassets */; };
		07AEB26228DA5CE3008559AF /* Preview Assets.xcassets in Resources */ = {isa = PBXBuildFile; fileRef = 07AEB26128DA5CE3008559AF /* Preview Assets.xcassets */; };
		07AEB26C28DA5E76008559AF /* CardStackView.swift in Sources */ = {isa = PBXBuildFile; fileRef = 07AEB26B28DA5E76008559AF /* CardStackView.swift */; };
		07AEB26E28DA5F83008559AF /* CardView.swift in Sources */ = {isa = PBXBuildFile; fileRef = 07AEB26D28DA5F83008559AF /* CardView.swift */; };
		07AEB27028DA60D6008559AF /* Card.swift in Sources */ = {isa = PBXBuildFile; fileRef = 07AEB26F28DA60D6008559AF /* Card.swift */; };
		07AEB27228DA6460008559AF /* WarGameViewModel.swift in Sources */ = {isa = PBXBuildFile; fileRef = 07AEB27128DA6460008559AF /* WarGameViewModel.swift */; };
		07AEB27428DA6530008559AF /* WarGame.swift in Sources */ = {isa = PBXBuildFile; fileRef = 07AEB27328DA6530008559AF /* WarGame.swift */; };
		07B8ABCD28F8D434007B1459 /* SoundPlayer.swift in Sources */ = {isa = PBXBuildFile; fileRef = 07B8ABCC28F8D433007B1459 /* SoundPlayer.swift */; };
		07B8ABD828F8D813007B1459 /* win.mp3 in Resources */ = {isa = PBXBuildFile; fileRef = 07B8ABD528F8D813007B1459 /* win.mp3 */; };
		07B8ABD928F8D813007B1459 /* cardSound.mp3 in Resources */ = {isa = PBXBuildFile; fileRef = 07B8ABD628F8D813007B1459 /* cardSound.mp3 */; };
		07B8ABDA28F8D813007B1459 /* loss.mp3 in Resources */ = {isa = PBXBuildFile; fileRef = 07B8ABD728F8D813007B1459 /* loss.mp3 */; };
		07B8ABDC28F8D942007B1459 /* Settings.swift in Sources */ = {isa = PBXBuildFile; fileRef = 07B8ABDB28F8D942007B1459 /* Settings.swift */; };
		07BBA25E28FA3D2C00E7B701 /* README.rtf in Resources */ = {isa = PBXBuildFile; fileRef = 07BBA25D28FA3D2B00E7B701 /* README.rtf */; };
		07BBA26028FA3F6600E7B701 /* Requirements.rtf in Resources */ = {isa = PBXBuildFile; fileRef = 07BBA25F28FA3F6600E7B701 /* Requirements.rtf */; };
/* End PBXBuildFile section */

/* Begin PBXFileReference section */
		0704D25728F0841A00A5C632 /* CardDeck.swift */ = {isa = PBXFileReference; lastKnownFileType = sourcecode.swift; path = CardDeck.swift; sourceTree = "<group>"; };
		0707EBD528EF32E400193FA6 /* Theme.swift */ = {isa = PBXFileReference; lastKnownFileType = sourcecode.swift; path = Theme.swift; sourceTree = "<group>"; };
		0707EBD728EF39FD00193FA6 /* PlayingAreaView.swift */ = {isa = PBXFileReference; lastKnownFileType = sourcecode.swift; path = PlayingAreaView.swift; sourceTree = "<group>"; };
		075A2E8628F22D4B0088687D /* HomeView.swift */ = {isa = PBXFileReference; lastKnownFileType = sourcecode.swift; path = HomeView.swift; sourceTree = "<group>"; };
		07A5638728F4704000792CB0 /* CardSymbolView.swift */ = {isa = PBXFileReference; lastKnownFileType = sourcecode.swift; path = CardSymbolView.swift; sourceTree = "<group>"; };
		07A5638928F5B3BE00792CB0 /* TimerView.swift */ = {isa = PBXFileReference; lastKnownFileType = sourcecode.swift; path = TimerView.swift; sourceTree = "<group>"; };
		07AEB25728DA5CE1008559AF /* WarCardGame.app */ = {isa = PBXFileReference; explicitFileType = wrapper.application; includeInIndex = 0; path = WarCardGame.app; sourceTree = BUILT_PRODUCTS_DIR; };
		07AEB25A28DA5CE1008559AF /* WarCardGameApp.swift */ = {isa = PBXFileReference; lastKnownFileType = sourcecode.swift; path = WarCardGameApp.swift; sourceTree = "<group>"; };
		07AEB25C28DA5CE1008559AF /* WarGameMainView.swift */ = {isa = PBXFileReference; lastKnownFileType = sourcecode.swift; path = WarGameMainView.swift; sourceTree = "<group>"; };
		07AEB25E28DA5CE3008559AF /* Assets.xcassets */ = {isa = PBXFileReference; lastKnownFileType = folder.assetcatalog; path = Assets.xcassets; sourceTree = "<group>"; };
		07AEB26128DA5CE3008559AF /* Preview Assets.xcassets */ = {isa = PBXFileReference; lastKnownFileType = folder.assetcatalog; path = "Preview Assets.xcassets"; sourceTree = "<group>"; };
		07AEB26B28DA5E76008559AF /* CardStackView.swift */ = {isa = PBXFileReference; lastKnownFileType = sourcecode.swift; path = CardStackView.swift; sourceTree = "<group>"; };
		07AEB26D28DA5F83008559AF /* CardView.swift */ = {isa = PBXFileReference; lastKnownFileType = sourcecode.swift; path = CardView.swift; sourceTree = "<group>"; };
		07AEB26F28DA60D6008559AF /* Card.swift */ = {isa = PBXFileReference; lastKnownFileType = sourcecode.swift; path = Card.swift; sourceTree = "<group>"; };
		07AEB27128DA6460008559AF /* WarGameViewModel.swift */ = {isa = PBXFileReference; lastKnownFileType = sourcecode.swift; path = WarGameViewModel.swift; sourceTree = "<group>"; };
		07AEB27328DA6530008559AF /* WarGame.swift */ = {isa = PBXFileReference; lastKnownFileType = sourcecode.swift; path = WarGame.swift; sourceTree = "<group>"; };
		07B8ABCC28F8D433007B1459 /* SoundPlayer.swift */ = {isa = PBXFileReference; lastKnownFileType = sourcecode.swift; path = SoundPlayer.swift; sourceTree = "<group>"; };
		07B8ABD528F8D813007B1459 /* win.mp3 */ = {isa = PBXFileReference; lastKnownFileType = audio.mp3; path = win.mp3; sourceTree = "<group>"; };
		07B8ABD628F8D813007B1459 /* cardSound.mp3 */ = {isa = PBXFileReference; lastKnownFileType = audio.mp3; path = cardSound.mp3; sourceTree = "<group>"; };
		07B8ABD728F8D813007B1459 /* loss.mp3 */ = {isa = PBXFileReference; lastKnownFileType = audio.mp3; path = loss.mp3; sourceTree = "<group>"; };
		07B8ABDB28F8D942007B1459 /* Settings.swift */ = {isa = PBXFileReference; lastKnownFileType = sourcecode.swift; path = Settings.swift; sourceTree = "<group>"; };
		07BBA25D28FA3D2B00E7B701 /* README.rtf */ = {isa = PBXFileReference; lastKnownFileType = text.rtf; name = README.rtf; path = WarCardGame/README.rtf; sourceTree = "<group>"; };
		07BBA25F28FA3F6600E7B701 /* Requirements.rtf */ = {isa = PBXFileReference; lastKnownFileType = text.rtf; path = Requirements.rtf; sourceTree = "<group>"; };
/* End PBXFileReference section */

/* Begin PBXFrameworksBuildPhase section */
		07AEB25428DA5CE1008559AF /* Frameworks */ = {
			isa = PBXFrameworksBuildPhase;
			buildActionMask = 2147483647;
			files = (
			);
			runOnlyForDeploymentPostprocessing = 0;
		};
/* End PBXFrameworksBuildPhase section */

/* Begin PBXGroup section */
		07AEB24E28DA5CE1008559AF = {
			isa = PBXGroup;
			children = (
				07BBA25F28FA3F6600E7B701 /* Requirements.rtf */,
				07BBA25D28FA3D2B00E7B701 /* README.rtf */,
				07AEB25928DA5CE1008559AF /* WarCardGame */,
				07AEB25828DA5CE1008559AF /* Products */,
			);
			sourceTree = "<group>";
		};
		07AEB25828DA5CE1008559AF /* Products */ = {
			isa = PBXGroup;
			children = (
				07AEB25728DA5CE1008559AF /* WarCardGame.app */,
			);
			name = Products;
			sourceTree = "<group>";
		};
		07AEB25928DA5CE1008559AF /* WarCardGame */ = {
			isa = PBXGroup;
			children = (
				07B8ABCE28F8D598007B1459 /* Sounds */,
				07B8ABCB28F8D40E007B1459 /* Utils */,
				07AEB26A28DA5D27008559AF /* ViewModels */,
				07AEB26928DA5D1F008559AF /* Models */,
				07AEB25A28DA5CE1008559AF /* WarCardGameApp.swift */,
				07AEB26828DA5D17008559AF /* Views */,
				07AEB25E28DA5CE3008559AF /* Assets.xcassets */,
				07AEB26028DA5CE3008559AF /* Preview Content */,
			);
			path = WarCardGame;
			sourceTree = "<group>";
		};
		07AEB26028DA5CE3008559AF /* Preview Content */ = {
			isa = PBXGroup;
			children = (
				07AEB26128DA5CE3008559AF /* Preview Assets.xcassets */,
			);
			path = "Preview Content";
			sourceTree = "<group>";
		};
		07AEB26828DA5D17008559AF /* Views */ = {
			isa = PBXGroup;
			children = (
				07AEB25C28DA5CE1008559AF /* WarGameMainView.swift */,
				07AEB26B28DA5E76008559AF /* CardStackView.swift */,
				07AEB26D28DA5F83008559AF /* CardView.swift */,
				0707EBD728EF39FD00193FA6 /* PlayingAreaView.swift */,
				075A2E8628F22D4B0088687D /* HomeView.swift */,
				07A5638728F4704000792CB0 /* CardSymbolView.swift */,
				07A5638928F5B3BE00792CB0 /* TimerView.swift */,
			);
			name = Views;
			sourceTree = "<group>";
		};
		07AEB26928DA5D1F008559AF /* Models */ = {
			isa = PBXGroup;
			children = (
				07AEB26F28DA60D6008559AF /* Card.swift */,
				07AEB27328DA6530008559AF /* WarGame.swift */,
				0704D25728F0841A00A5C632 /* CardDeck.swift */,
			);
			name = Models;
			sourceTree = "<group>";
		};
		07AEB26A28DA5D27008559AF /* ViewModels */ = {
			isa = PBXGroup;
			children = (
				07AEB27128DA6460008559AF /* WarGameViewModel.swift */,
			);
			name = ViewModels;
			sourceTree = "<group>";
		};
		07B8ABCB28F8D40E007B1459 /* Utils */ = {
			isa = PBXGroup;
			children = (
				0707EBD528EF32E400193FA6 /* Theme.swift */,
				07B8ABCC28F8D433007B1459 /* SoundPlayer.swift */,
				07B8ABDB28F8D942007B1459 /* Settings.swift */,
			);
			name = Utils;
			sourceTree = "<group>";
		};
		07B8ABCE28F8D598007B1459 /* Sounds */ = {
			isa = PBXGroup;
			children = (
				07B8ABD628F8D813007B1459 /* cardSound.mp3 */,
				07B8ABD728F8D813007B1459 /* loss.mp3 */,
				07B8ABD528F8D813007B1459 /* win.mp3 */,
			);
			name = Sounds;
			sourceTree = "<group>";
		};
/* End PBXGroup section */

/* Begin PBXNativeTarget section */
		07AEB25628DA5CE1008559AF /* WarCardGame */ = {
			isa = PBXNativeTarget;
			buildConfigurationList = 07AEB26528DA5CE3008559AF /* Build configuration list for PBXNativeTarget "WarCardGame" */;
			buildPhases = (
				07AEB25328DA5CE1008559AF /* Sources */,
				07AEB25428DA5CE1008559AF /* Frameworks */,
				07AEB25528DA5CE1008559AF /* Resources */,
			);
			buildRules = (
			);
			dependencies = (
			);
			name = WarCardGame;
			productName = WarCardGame;
			productReference = 07AEB25728DA5CE1008559AF /* WarCardGame.app */;
			productType = "com.apple.product-type.application";
		};
/* End PBXNativeTarget section */

/* Begin PBXProject section */
		07AEB24F28DA5CE1008559AF /* Project object */ = {
			isa = PBXProject;
			attributes = {
				BuildIndependentTargetsInParallel = 1;
				LastSwiftUpdateCheck = 1400;
				LastUpgradeCheck = 1400;
				TargetAttributes = {
					07AEB25628DA5CE1008559AF = {
						CreatedOnToolsVersion = 14.0;
					};
				};
			};
			buildConfigurationList = 07AEB25228DA5CE1008559AF /* Build configuration list for PBXProject "WarCardGame" */;
			compatibilityVersion = "Xcode 14.0";
			developmentRegion = en;
			hasScannedForEncodings = 0;
			knownRegions = (
				en,
				Base,
			);
			mainGroup = 07AEB24E28DA5CE1008559AF;
			productRefGroup = 07AEB25828DA5CE1008559AF /* Products */;
			projectDirPath = "";
			projectRoot = "";
			targets = (
				07AEB25628DA5CE1008559AF /* WarCardGame */,
			);
		};
/* End PBXProject section */

/* Begin PBXResourcesBuildPhase section */
		07AEB25528DA5CE1008559AF /* Resources */ = {
			isa = PBXResourcesBuildPhase;
			buildActionMask = 2147483647;
			files = (
				07AEB26228DA5CE3008559AF /* Preview Assets.xcassets in Resources */,
				07BBA26028FA3F6600E7B701 /* Requirements.rtf in Resources */,
				07AEB25F28DA5CE3008559AF /* Assets.xcassets in Resources */,
				07B8ABD828F8D813007B1459 /* win.mp3 in Resources */,
				07B8ABD928F8D813007B1459 /* cardSound.mp3 in Resources */,
				07BBA25E28FA3D2C00E7B701 /* README.rtf in Resources */,
				07B8ABDA28F8D813007B1459 /* loss.mp3 in Resources */,
			);
			runOnlyForDeploymentPostprocessing = 0;
		};
/* End PBXResourcesBuildPhase section */

/* Begin PBXSourcesBuildPhase section */
		07AEB25328DA5CE1008559AF /* Sources */ = {
			isa = PBXSourcesBuildPhase;
			buildActionMask = 2147483647;
			files = (
				0707EBD628EF32E400193FA6 /* Theme.swift in Sources */,
				07AEB26C28DA5E76008559AF /* CardStackView.swift in Sources */,
				07AEB25D28DA5CE1008559AF /* WarGameMainView.swift in Sources */,
				07AEB27028DA60D6008559AF /* Card.swift in Sources */,
				075A2E8728F22D4C0088687D /* HomeView.swift in Sources */,
				07A5638A28F5B3BE00792CB0 /* TimerView.swift in Sources */,
				07AEB27428DA6530008559AF /* WarGame.swift in Sources */,
				07A5638828F4704000792CB0 /* CardSymbolView.swift in Sources */,
				07B8ABCD28F8D434007B1459 /* SoundPlayer.swift in Sources */,
				07B8ABDC28F8D942007B1459 /* Settings.swift in Sources */,
				07AEB26E28DA5F83008559AF /* CardView.swift in Sources */,
				0704D25828F0841A00A5C632 /* CardDeck.swift in Sources */,
				07AEB27228DA6460008559AF /* WarGameViewModel.swift in Sources */,
				0707EBD828EF39FD00193FA6 /* PlayingAreaView.swift in Sources */,
				07AEB25B28DA5CE1008559AF /* WarCardGameApp.swift in Sources */,
			);
			runOnlyForDeploymentPostprocessing = 0;
		};
/* End PBXSourcesBuildPhase section */

/* Begin XCBuildConfiguration section */
		07AEB26328DA5CE3008559AF /* Debug */ = {
			isa = XCBuildConfiguration;
			buildSettings = {
				ALWAYS_SEARCH_USER_PATHS = NO;
				CLANG_ANALYZER_NONNULL = YES;
				CLANG_ANALYZER_NUMBER_OBJECT_CONVERSION = YES_AGGRESSIVE;
				CLANG_CXX_LANGUAGE_STANDARD = "gnu++20";
				CLANG_ENABLE_MODULES = YES;
				CLANG_ENABLE_OBJC_ARC = YES;
				CLANG_ENABLE_OBJC_WEAK = YES;
				CLANG_WARN_BLOCK_CAPTURE_AUTORELEASING = YES;
				CLANG_WARN_BOOL_CONVERSION = YES;
				CLANG_WARN_COMMA = YES;
				CLANG_WARN_CONSTANT_CONVERSION = YES;
				CLANG_WARN_DEPRECATED_OBJC_IMPLEMENTATIONS = YES;
				CLANG_WARN_DIRECT_OBJC_ISA_USAGE = YES_ERROR;
				CLANG_WARN_DOCUMENTATION_COMMENTS = YES;
				CLANG_WARN_EMPTY_BODY = YES;
				CLANG_WARN_ENUM_CONVERSION = YES;
				CLANG_WARN_INFINITE_RECURSION = YES;
				CLANG_WARN_INT_CONVERSION = YES;
				CLANG_WARN_NON_LITERAL_NULL_CONVERSION = YES;
				CLANG_WARN_OBJC_IMPLICIT_RETAIN_SELF = YES;
				CLANG_WARN_OBJC_LITERAL_CONVERSION = YES;
				CLANG_WARN_OBJC_ROOT_CLASS = YES_ERROR;
				CLANG_WARN_QUOTED_INCLUDE_IN_FRAMEWORK_HEADER = YES;
				CLANG_WARN_RANGE_LOOP_ANALYSIS = YES;
				CLANG_WARN_STRICT_PROTOTYPES = YES;
				CLANG_WARN_SUSPICIOUS_MOVE = YES;
				CLANG_WARN_UNGUARDED_AVAILABILITY = YES_AGGRESSIVE;
				CLANG_WARN_UNREACHABLE_CODE = YES;
				CLANG_WARN__DUPLICATE_METHOD_MATCH = YES;
				COPY_PHASE_STRIP = NO;
				DEBUG_INFORMATION_FORMAT = dwarf;
				ENABLE_STRICT_OBJC_MSGSEND = YES;
				ENABLE_TESTABILITY = YES;
				GCC_C_LANGUAGE_STANDARD = gnu11;
				GCC_DYNAMIC_NO_PIC = NO;
				GCC_NO_COMMON_BLOCKS = YES;
				GCC_OPTIMIZATION_LEVEL = 0;
				GCC_PREPROCESSOR_DEFINITIONS = (
					"DEBUG=1",
					"$(inherited)",
				);
				GCC_WARN_64_TO_32_BIT_CONVERSION = YES;
				GCC_WARN_ABOUT_RETURN_TYPE = YES_ERROR;
				GCC_WARN_UNDECLARED_SELECTOR = YES;
				GCC_WARN_UNINITIALIZED_AUTOS = YES_AGGRESSIVE;
				GCC_WARN_UNUSED_FUNCTION = YES;
				GCC_WARN_UNUSED_VARIABLE = YES;
				IPHONEOS_DEPLOYMENT_TARGET = 16.0;
				MTL_ENABLE_DEBUG_INFO = INCLUDE_SOURCE;
				MTL_FAST_MATH = YES;
				ONLY_ACTIVE_ARCH = YES;
				SDKROOT = iphoneos;
				SWIFT_ACTIVE_COMPILATION_CONDITIONS = DEBUG;
				SWIFT_OPTIMIZATION_LEVEL = "-Onone";
			};
			name = Debug;
		};
		07AEB26428DA5CE3008559AF /* Release */ = {
			isa = XCBuildConfiguration;
			buildSettings = {
				ALWAYS_SEARCH_USER_PATHS = NO;
				CLANG_ANALYZER_NONNULL = YES;
				CLANG_ANALYZER_NUMBER_OBJECT_CONVERSION = YES_AGGRESSIVE;
				CLANG_CXX_LANGUAGE_STANDARD = "gnu++20";
				CLANG_ENABLE_MODULES = YES;
				CLANG_ENABLE_OBJC_ARC = YES;
				CLANG_ENABLE_OBJC_WEAK = YES;
				CLANG_WARN_BLOCK_CAPTURE_AUTORELEASING = YES;
				CLANG_WARN_BOOL_CONVERSION = YES;
				CLANG_WARN_COMMA = YES;
				CLANG_WARN_CONSTANT_CONVERSION = YES;
				CLANG_WARN_DEPRECATED_OBJC_IMPLEMENTATIONS = YES;
				CLANG_WARN_DIRECT_OBJC_ISA_USAGE = YES_ERROR;
				CLANG_WARN_DOCUMENTATION_COMMENTS = YES;
				CLANG_WARN_EMPTY_BODY = YES;
				CLANG_WARN_ENUM_CONVERSION = YES;
				CLANG_WARN_INFINITE_RECURSION = YES;
				CLANG_WARN_INT_CONVERSION = YES;
				CLANG_WARN_NON_LITERAL_NULL_CONVERSION = YES;
				CLANG_WARN_OBJC_IMPLICIT_RETAIN_SELF = YES;
				CLANG_WARN_OBJC_LITERAL_CONVERSION = YES;
				CLANG_WARN_OBJC_ROOT_CLASS = YES_ERROR;
				CLANG_WARN_QUOTED_INCLUDE_IN_FRAMEWORK_HEADER = YES;
				CLANG_WARN_RANGE_LOOP_ANALYSIS = YES;
				CLANG_WARN_STRICT_PROTOTYPES = YES;
				CLANG_WARN_SUSPICIOUS_MOVE = YES;
				CLANG_WARN_UNGUARDED_AVAILABILITY = YES_AGGRESSIVE;
				CLANG_WARN_UNREACHABLE_CODE = YES;
				CLANG_WARN__DUPLICATE_METHOD_MATCH = YES;
				COPY_PHASE_STRIP = NO;
				DEBUG_INFORMATION_FORMAT = "dwarf-with-dsym";
				ENABLE_NS_ASSERTIONS = NO;
				ENABLE_STRICT_OBJC_MSGSEND = YES;
				GCC_C_LANGUAGE_STANDARD = gnu11;
				GCC_NO_COMMON_BLOCKS = YES;
				GCC_WARN_64_TO_32_BIT_CONVERSION = YES;
				GCC_WARN_ABOUT_RETURN_TYPE = YES_ERROR;
				GCC_WARN_UNDECLARED_SELECTOR = YES;
				GCC_WARN_UNINITIALIZED_AUTOS = YES_AGGRESSIVE;
				GCC_WARN_UNUSED_FUNCTION = YES;
				GCC_WARN_UNUSED_VARIABLE = YES;
				IPHONEOS_DEPLOYMENT_TARGET = 16.0;
				MTL_ENABLE_DEBUG_INFO = NO;
				MTL_FAST_MATH = YES;
				SDKROOT = iphoneos;
				SWIFT_COMPILATION_MODE = wholemodule;
				SWIFT_OPTIMIZATION_LEVEL = "-O";
				VALIDATE_PRODUCT = YES;
			};
			name = Release;
		};
		07AEB26628DA5CE3008559AF /* Debug */ = {
			isa = XCBuildConfiguration;
			buildSettings = {
				ASSETCATALOG_COMPILER_APPICON_NAME = AppIcon;
				ASSETCATALOG_COMPILER_GLOBAL_ACCENT_COLOR_NAME = AccentColor;
				CODE_SIGN_STYLE = Automatic;
				CURRENT_PROJECT_VERSION = 1;
				DEVELOPMENT_ASSET_PATHS = "\"WarCardGame/Preview Content\"";
				DEVELOPMENT_TEAM = Z6JQ8ZD65P;
				ENABLE_PREVIEWS = YES;
				GENERATE_INFOPLIST_FILE = YES;
				INFOPLIST_KEY_UIApplicationSceneManifest_Generation = YES;
				INFOPLIST_KEY_UIApplicationSupportsIndirectInputEvents = YES;
				INFOPLIST_KEY_UILaunchScreen_Generation = YES;
				INFOPLIST_KEY_UISupportedInterfaceOrientations_iPad = "UIInterfaceOrientationPortrait UIInterfaceOrientationPortraitUpsideDown UIInterfaceOrientationLandscapeLeft UIInterfaceOrientationLandscapeRight";
				INFOPLIST_KEY_UISupportedInterfaceOrientations_iPhone = "UIInterfaceOrientationPortrait UIInterfaceOrientationLandscapeLeft UIInterfaceOrientationLandscapeRight";
				LD_RUNPATH_SEARCH_PATHS = (
					"$(inherited)",
					"@executable_path/Frameworks",
				);
				MARKETING_VERSION = 1.0;
				PRODUCT_BUNDLE_IDENTIFIER = com.carlosevelo.WarCardGame;
				PRODUCT_NAME = "$(TARGET_NAME)";
				SWIFT_EMIT_LOC_STRINGS = YES;
				SWIFT_VERSION = 5.0;
				TARGETED_DEVICE_FAMILY = "1,2";
			};
			name = Debug;
		};
		07AEB26728DA5CE3008559AF /* Release */ = {
			isa = XCBuildConfiguration;
			buildSettings = {
				ASSETCATALOG_COMPILER_APPICON_NAME = AppIcon;
				ASSETCATALOG_COMPILER_GLOBAL_ACCENT_COLOR_NAME = AccentColor;
				CODE_SIGN_STYLE = Automatic;
				CURRENT_PROJECT_VERSION = 1;
				DEVELOPMENT_ASSET_PATHS = "\"WarCardGame/Preview Content\"";
				DEVELOPMENT_TEAM = Z6JQ8ZD65P;
				ENABLE_PREVIEWS = YES;
				GENERATE_INFOPLIST_FILE = YES;
				INFOPLIST_KEY_UIApplicationSceneManifest_Generation = YES;
				INFOPLIST_KEY_UIApplicationSupportsIndirectInputEvents = YES;
				INFOPLIST_KEY_UILaunchScreen_Generation = YES;
				INFOPLIST_KEY_UISupportedInterfaceOrientations_iPad = "UIInterfaceOrientationPortrait UIInterfaceOrientationPortraitUpsideDown UIInterfaceOrientationLandscapeLeft UIInterfaceOrientationLandscapeRight";
				INFOPLIST_KEY_UISupportedInterfaceOrientations_iPhone = "UIInterfaceOrientationPortrait UIInterfaceOrientationLandscapeLeft UIInterfaceOrientationLandscapeRight";
				LD_RUNPATH_SEARCH_PATHS = (
					"$(inherited)",
					"@executable_path/Frameworks",
				);
				MARKETING_VERSION = 1.0;
				PRODUCT_BUNDLE_IDENTIFIER = com.carlosevelo.WarCardGame;
				PRODUCT_NAME = "$(TARGET_NAME)";
				SWIFT_EMIT_LOC_STRINGS = YES;
				SWIFT_VERSION = 5.0;
				TARGETED_DEVICE_FAMILY = "1,2";
			};
			name = Release;
		};
/* End XCBuildConfiguration section */

/* Begin XCConfigurationList section */
		07AEB25228DA5CE1008559AF /* Build configuration list for PBXProject "WarCardGame" */ = {
			isa = XCConfigurationList;
			buildConfigurations = (
				07AEB26328DA5CE3008559AF /* Debug */,
				07AEB26428DA5CE3008559AF /* Release */,
			);
			defaultConfigurationIsVisible = 0;
			defaultConfigurationName = Release;
		};
		07AEB26528DA5CE3008559AF /* Build configuration list for PBXNativeTarget "WarCardGame" */ = {
			isa = XCConfigurationList;
			buildConfigurations = (
				07AEB26628DA5CE3008559AF /* Debug */,
				07AEB26728DA5CE3008559AF /* Release */,
			);
			defaultConfigurationIsVisible = 0;
			defaultConfigurationName = Release;
		};
/* End XCConfigurationList section */
	};
	rootObject = 07AEB24F28DA5CE1008559AF /* Project object */;
}
